<Solution>
  <Folder Name="/Solution Items/">
    <File Path=".editorconfig" />
    <File Path=".gitignore" />
    <File Path=".runsettings" />
    <File Path="README.md" />
  </Folder>
  <Folder Name="/src/" />
  <Folder Name="/src/Composition/">
    <Project Path="src/Composition/Composition.ChildContainers/Composition.ChildContainers.csproj" Id="841413b8-6cec-404a-84d0-2400def901ba" />
  </Folder>
  <Folder Name="/src/Configuration/">
    <Project Path="src/Configuration/Configuration.Data/Configuration.Data.csproj" Id="4cdf6656-9223-46f7-bb99-aeda593c4d86" />
    <Project Path="src/Configuration/Configuration.Email/Configuration.Email.csproj" Id="62c027fc-6d9e-4ad3-adab-ba24b4449b8c" />
    <Project Path="src/Configuration/Configuration.Keys/Configuration.Keys.csproj" Id="ff09a148-5229-41a3-996a-bf2e420b1c9a" />
    <Project Path="src/Configuration/Configuration.Messaging/Configuration.Messaging.csproj" Id="39cd3d6c-0b0b-4244-86a8-1a743491df5c" />
    <Project Path="src/Configuration/Configuration.Notifications/Configuration.Notifications.csproj" Id="038e3aa0-2eb5-4fb8-8397-2c0873bac8f2" />
    <Project Path="src/Configuration/Configuration/Configuration.csproj" />
  </Folder>
  <Folder Name="/src/Cryptography/">
    <Project Path="src/Cryptography/Cryptography.Certificates/Cryptography.Certificates.csproj" Id="5b3c17c9-8c70-494d-9cdf-72b48825219d" />
  </Folder>
  <Folder Name="/src/Data/">
    <Project Path="src/Data/Data.Migrations/Data.Migrations.csproj" Id="e16a5975-86b0-40a0-baa2-379d12b6341e" />
    <Project Path="src/Data/Data.PostgreSql/Data.PostgreSql.csproj" Id="ddd1b9ce-b1ef-4c20-b91f-df01b6d5cf63" />
    <Project Path="src/Data/Data.UnitOfWork/Data.UnitOfWork.csproj" Id="0e11339b-e6fb-4522-8026-630aaea4a8a4" />
  </Folder>
  <Folder Name="/src/Email/">
    <Project Path="src/Email/Email.Smtp/Email.Smtp.csproj" Id="41dbcfa7-aef3-43cd-be67-5dc6fa489762" />
  </Folder>
  <Folder Name="/src/Messaging/">
    <Project Path="src/Messaging/Messaging.Inbox/Messaging.Inbox.csproj" Id="a61ee280-e10e-4fee-ac18-cef8eb0d9c4b" />
    <Project Path="src/Messaging/Messaging.Outbox/Messaging.Outbox.csproj" Id="ab07c0fa-ee31-447f-9e88-0db95db999e5" />
    <Project Path="src/Messaging/Messaging.RabbitMQ/Messaging.RabbitMQ.csproj" Id="91ad851d-01cf-48e3-a4ef-08514e59d66f" />
    <Project Path="src/Messaging/Messaging/Messaging.csproj" Id="bf1e846a-cfbd-4c2a-95fa-c77a0b6788b0" />
  </Folder>
  <Folder Name="/src/Notifications/">
    <Project Path="src/Notifications/Notifications.Email/Notifications.Email.csproj" Id="a2dd00c6-46d5-4ff8-ae36-e143acb8af90" />
    <Project Path="src/Notifications/Notifications.Webhook/Notifications.Webhook.csproj" Id="6be26326-5132-4173-a833-97198022668e" />
    <Project Path="src/Notifications/Notifications/Notifications.csproj" Id="fc093b79-a861-4fbb-8214-b9bb9f3619de" />
  </Folder>
  <Folder Name="/tests/" />
  <Folder Name="/tests/Composition/">
    <Project Path="tests/Composition/Composition.ChildContainers.UnitTests/Composition.ChildContainers.UnitTests.csproj" Id="9c5facd2-f378-4dcc-8154-e42bcb390d32" />
  </Folder>
  <Folder Name="/tests/Configuration/">
    <Project Path="tests/Configuration/Configuration.UnitTests/Configuration.UnitTests.csproj" Id="642d9662-4a8c-45bb-b7a3-caa2d027974b" />
  </Folder>
  <Folder Name="/tests/Cryptography/">
    <Project Path="src/Cryptography/Cryptography.Certificates.UnitTests/Cryptography.Certificates.UnitTests.csproj" Id="7ac53612-8dbf-42c8-9de6-695df3397f1c" />
  </Folder>
  <Folder Name="/tests/Data/">
    <Project Path="tests/Data/Data.PostgreSql.UnitTests/Data.PostgreSql.UnitTests.csproj" Id="211c005f-d822-4851-a7fa-efdf3408bcdd" />
    <Project Path="tests/Data/Data.UnitOfWork.IntegrationTests/Data.UnitOfWork.IntegrationTests.csproj" Id="1868f8bb-5faf-4c5a-a9cc-2b1fc6fb9d45" />
    <Project Path="tests/Data/Data.UnitOfWork.UnitTests/Data.UnitOfWork.UnitTests.csproj" Id="848ef4f9-1889-4cdd-b5af-4d72ed2b142c" />
  </Folder>
  <Folder Name="/tests/Messaging/">
    <Project Path="tests/Messaging/Messaging.Inbox.IntegrationTests/Messaging.Inbox.IntegrationTests.csproj" Id="eb324a56-e4c1-4fe2-b4fe-d2ff7852377d" />
    <Project Path="tests/Messaging/Messaging.Outbox.IntegrationTests/Messaging.Outbox.IntegrationTests.csproj" Id="67415244-9246-4a04-91c2-704844e8395e" />
    <Project Path="tests/Messaging/Messaging.RabbitMQ.IntegrationTests/Messaging.RabbitMQ.IntegrationTests.csproj" Id="8b1734fa-1bb2-466a-a8c2-e8ae1552b81f" />
    <Project Path="tests/Messaging/Messaging.UnitTests/Messaging.UnitTests.csproj" Id="0f324044-cc16-4f26-be95-39aece55d114" />
  </Folder>
  <Folder Name="/tests/Notifications/">
    <Project Path="tests/Notifications/Notifications.Test/Notifications.Test.csproj" Id="7a44bb32-62df-4e64-b122-f112d631e5a3" />
  </Folder>
</Solution>
